
Microsoft Visual Studio Solution File, Format Version 12.00
# Visual Studio 15
VisualStudioVersion = 15.0.28307.329
MinimumVisualStudioVersion = 10.0.40219.1
Project("{FAE04EC0-301F-11D3-BF4B-00C04F79EFBC}") = "Lambdas", "Lambdas\Lambdas.csproj", "{A2AF0E64-832B-4A25-85FD-641679AB52E9}"
EndProject
Global
	GlobalSection(SolutionConfigurationPlatforms) = preSolution
		Debug|Any CPU = Debug|Any CPU
		Release|Any CPU = Release|Any CPU
	EndGlobalSection
	GlobalSection(ProjectConfigurationPlatforms) = postSolution
		{A2AF0E64-832B-4A25-85FD-641679AB52E9}.Debug|Any CPU.ActiveCfg = Debug|Any CPU
		{A2AF0E64-832B-4A25-85FD-641679AB52E9}.Debug|Any CPU.Build.0 = Debug|Any CPU
		{A2AF0E64-832B-4A25-85FD-641679AB52E9}.Release|Any CPU.ActiveCfg = Release|Any CPU
		{A2AF0E64-832B-4A25-85FD-641679AB52E9}.Release|Any CPU.Build.0 = Release|Any CPU
	EndGlobalSection
	GlobalSection(SolutionProperties) = preSolution
		HideSolutionNode = FALSE
	EndGlobalSection
	GlobalSection(ExtensibilityGlobals) = postSolution
		SolutionGuid = {DEE66E91-B642-4F1B-BDB6-8E6479F92210}
	EndGlobalSection
EndGlobal
